
Microsoft Visual Studio Solution File, Format Version 12.00
# Visual Studio Version 16
VisualStudioVersion = 16.0.33529.622
MinimumVisualStudioVersion = 10.0.40219.1
Project("{9A19103F-16F7-4668-BE54-9A1E7A4F7556}") = "WebChat", "WebChat.csproj", "{6523655A-8456-4FBB-B1C1-80B84D464857}"
EndProject
Global
	GlobalSection(SolutionConfigurationPlatforms) = preSolution
		Debug|Any CPU = Debug|Any CPU
		Release|Any CPU = Release|Any CPU
	EndGlobalSection
	GlobalSection(ProjectConfigurationPlatforms) = postSolution
		{6523655A-8456-4FBB-B1C1-80B84D464857}.Debug|Any CPU.ActiveCfg = Debug|Any CPU
		{6523655A-8456-4FBB-B1C1-80B84D464857}.Debug|Any CPU.Build.0 = Debug|Any CPU
		{6523655A-8456-4FBB-B1C1-80B84D464857}.Release|Any CPU.ActiveCfg = Release|Any CPU
		{6523655A-8456-4FBB-B1C1-80B84D464857}.Release|Any CPU.Build.0 = Release|Any CPU
	EndGlobalSection
	GlobalSection(SolutionProperties) = preSolution
		HideSolutionNode = FALSE
	EndGlobalSection
	GlobalSection(ExtensibilityGlobals) = postSolution
		SolutionGuid = {7968CF98-C2AE-40D5-8FF9-4DB2E79B7CB8}
	EndGlobalSection
EndGlobal
